
Microsoft Visual Studio Solution File, Format Version 12.00
Project("{FAE04EC0-301F-11D3-BF4B-00C04F79EFBC}") = "Send", "Send\Send.csproj", "{9A8B2140-9692-4EDC-A9CB-425384F6EB47}"
EndProject
Project("{FAE04EC0-301F-11D3-BF4B-00C04F79EFBC}") = "Receive", "Receive\Receive.csproj", "{B4E2E6C0-1801-4689-8808-8F7DF6C68AB6}"
EndProject
Project("{2150E333-8FDC-42A3-9474-1A3956D46DE8}") = "1.HelloWorld", "1.HelloWorld", "{1A3735D5-D375-4658-84C4-B12EAC7DD7B2}"
EndProject
Project("{2150E333-8FDC-42A3-9474-1A3956D46DE8}") = "2.WorkQueue", "2.WorkQueue", "{59AB729B-86EB-4ACE-8AA8-418B68BE03D0}"
EndProject
Project("{FAE04EC0-301F-11D3-BF4B-00C04F79EFBC}") = "Task", "Task\Task.csproj", "{F6BA0509-6A0B-4444-9456-EB2C0791D884}"
EndProject
Project("{FAE04EC0-301F-11D3-BF4B-00C04F79EFBC}") = "Worker", "Worker\Worker.csproj", "{A74D5B9A-F9DD-4BB9-8BA2-DE05C0D56821}"
EndProject
Project("{2150E333-8FDC-42A3-9474-1A3956D46DE8}") = "3.PublishSubscribe", "3.PublishSubscribe", "{A1559D7A-52BE-4DDF-8A6D-C3A678490641}"
EndProject
Project("{FAE04EC0-301F-11D3-BF4B-00C04F79EFBC}") = "EmitLog", "EmitLog\EmitLog.csproj", "{F4C480FE-452D-4B7E-AE78-634E4F4BD7CA}"
EndProject
Project("{FAE04EC0-301F-11D3-BF4B-00C04F79EFBC}") = "ReceiveLogs", "ReceiveLogs\ReceiveLogs.csproj", "{E1FEBF44-DEC3-4EB9-987A-BB5A671EB615}"
EndProject
Project("{2150E333-8FDC-42A3-9474-1A3956D46DE8}") = "4.Routing", "4.Routing", "{FC20CFDE-0002-49F9-91F5-63740B751A63}"
EndProject
Project("{FAE04EC0-301F-11D3-BF4B-00C04F79EFBC}") = "EmitLogDirect", "EmitLogDirect\EmitLogDirect.csproj", "{49B9621A-DF9B-4966-B270-2B7E00676AB2}"
EndProject
Project("{FAE04EC0-301F-11D3-BF4B-00C04F79EFBC}") = "ReceiveLogsDirect", "ReceiveLogsDirect\ReceiveLogsDirect.csproj", "{EA05ABD9-1F9A-48DB-8522-B3ACD2BB210D}"
EndProject
Project("{2150E333-8FDC-42A3-9474-1A3956D46DE8}") = "5.Topic", "5.Topic", "{E0F8171E-BFE0-4BD1-8185-4ABA90AB64E3}"
EndProject
Project("{FAE04EC0-301F-11D3-BF4B-00C04F79EFBC}") = "EmitLogTopic", "EmitLogTopic\EmitLogTopic.csproj", "{05A05EE0-3C71-459F-9034-344972D1DC8B}"
EndProject
Project("{FAE04EC0-301F-11D3-BF4B-00C04F79EFBC}") = "ReceiveLogsTopic", "ReceiveLogsTopic\ReceiveLogsTopic.csproj", "{7AEE50E3-BED4-495B-8A85-F367450EF9DA}"
EndProject
Project("{2150E333-8FDC-42A3-9474-1A3956D46DE8}") = "6.RPC", "6.RPC", "{CE8BA745-D4A1-482F-B8B9-62A60904551E}"
EndProject
Project("{FAE04EC0-301F-11D3-BF4B-00C04F79EFBC}") = "RPCServer", "RPCServer\RPCServer.csproj", "{B693DCE2-7128-49BE-835B-AD688E349349}"
EndProject
Project("{FAE04EC0-301F-11D3-BF4B-00C04F79EFBC}") = "RPCClient", "RPCClient\RPCClient.csproj", "{C361C008-13B5-4585-805C-E39EEF2B30C4}"
EndProject
Project("{2150E333-8FDC-42A3-9474-1A3956D46DE8}") = "7.PublisherConfirms", "7.PublisherConfirms", "{FBA24826-E945-40CA-A947-4FB2B3E28553}"
EndProject
Project("{FAE04EC0-301F-11D3-BF4B-00C04F79EFBC}") = "PublisherConfirms", "PublisherConfirms\PublisherConfirms.csproj", "{71B0807E-E3BE-406D-9547-FB802322FD82}"
EndProject
Project("{2150E333-8FDC-42A3-9474-1A3956D46DE8}") = "ConsistentHash", "ConsistentHash", "{4B76CAE9-25E7-46D6-820E-3B55A1DEB07D}"
EndProject
Project("{FAE04EC0-301F-11D3-BF4B-00C04F79EFBC}") = "ConsistentHash", "ConsistentHash\ConsistentHash.csproj", "{E14AD1BD-AEA8-4F3B-8647-AB98C8952035}"
EndProject
Project("{2150E333-8FDC-42A3-9474-1A3956D46DE8}") = "DeadLetterExchanges", "DeadLetterExchanges", "{97BAF2FA-A9C9-430A-A72C-9E496164C7F0}"
EndProject
Project("{FAE04EC0-301F-11D3-BF4B-00C04F79EFBC}") = "DLXExchange", "DLXExchange\DLXExchange.csproj", "{253CF70F-8D0D-4AD3-B26C-289865AD42FE}"
EndProject
Project("{FAE04EC0-301F-11D3-BF4B-00C04F79EFBC}") = "Consumer", "Consumer\Consumer.csproj", "{6F904A21-2ECF-49C0-A399-0A73B8ECA2C1}"
EndProject
Global
	GlobalSection(SolutionConfigurationPlatforms) = preSolution
		Debug|Any CPU = Debug|Any CPU
		Release|Any CPU = Release|Any CPU
	EndGlobalSection
	GlobalSection(ProjectConfigurationPlatforms) = postSolution
		{9A8B2140-9692-4EDC-A9CB-425384F6EB47}.Debug|Any CPU.ActiveCfg = Debug|Any CPU
		{9A8B2140-9692-4EDC-A9CB-425384F6EB47}.Debug|Any CPU.Build.0 = Debug|Any CPU
		{9A8B2140-9692-4EDC-A9CB-425384F6EB47}.Release|Any CPU.ActiveCfg = Release|Any CPU
		{9A8B2140-9692-4EDC-A9CB-425384F6EB47}.Release|Any CPU.Build.0 = Release|Any CPU
		{B4E2E6C0-1801-4689-8808-8F7DF6C68AB6}.Debug|Any CPU.ActiveCfg = Debug|Any CPU
		{B4E2E6C0-1801-4689-8808-8F7DF6C68AB6}.Debug|Any CPU.Build.0 = Debug|Any CPU
		{B4E2E6C0-1801-4689-8808-8F7DF6C68AB6}.Release|Any CPU.ActiveCfg = Release|Any CPU
		{B4E2E6C0-1801-4689-8808-8F7DF6C68AB6}.Release|Any CPU.Build.0 = Release|Any CPU
		{F6BA0509-6A0B-4444-9456-EB2C0791D884}.Debug|Any CPU.ActiveCfg = Debug|Any CPU
		{F6BA0509-6A0B-4444-9456-EB2C0791D884}.Debug|Any CPU.Build.0 = Debug|Any CPU
		{F6BA0509-6A0B-4444-9456-EB2C0791D884}.Release|Any CPU.ActiveCfg = Release|Any CPU
		{F6BA0509-6A0B-4444-9456-EB2C0791D884}.Release|Any CPU.Build.0 = Release|Any CPU
		{A74D5B9A-F9DD-4BB9-8BA2-DE05C0D56821}.Debug|Any CPU.ActiveCfg = Debug|Any CPU
		{A74D5B9A-F9DD-4BB9-8BA2-DE05C0D56821}.Debug|Any CPU.Build.0 = Debug|Any CPU
		{A74D5B9A-F9DD-4BB9-8BA2-DE05C0D56821}.Release|Any CPU.ActiveCfg = Release|Any CPU
		{A74D5B9A-F9DD-4BB9-8BA2-DE05C0D56821}.Release|Any CPU.Build.0 = Release|Any CPU
		{F4C480FE-452D-4B7E-AE78-634E4F4BD7CA}.Debug|Any CPU.ActiveCfg = Debug|Any CPU
		{F4C480FE-452D-4B7E-AE78-634E4F4BD7CA}.Debug|Any CPU.Build.0 = Debug|Any CPU
		{F4C480FE-452D-4B7E-AE78-634E4F4BD7CA}.Release|Any CPU.ActiveCfg = Release|Any CPU
		{F4C480FE-452D-4B7E-AE78-634E4F4BD7CA}.Release|Any CPU.Build.0 = Release|Any CPU
		{E1FEBF44-DEC3-4EB9-987A-BB5A671EB615}.Debug|Any CPU.ActiveCfg = Debug|Any CPU
		{E1FEBF44-DEC3-4EB9-987A-BB5A671EB615}.Debug|Any CPU.Build.0 = Debug|Any CPU
		{E1FEBF44-DEC3-4EB9-987A-BB5A671EB615}.Release|Any CPU.ActiveCfg = Release|Any CPU
		{E1FEBF44-DEC3-4EB9-987A-BB5A671EB615}.Release|Any CPU.Build.0 = Release|Any CPU
		{49B9621A-DF9B-4966-B270-2B7E00676AB2}.Debug|Any CPU.ActiveCfg = Debug|Any CPU
		{49B9621A-DF9B-4966-B270-2B7E00676AB2}.Debug|Any CPU.Build.0 = Debug|Any CPU
		{49B9621A-DF9B-4966-B270-2B7E00676AB2}.Release|Any CPU.ActiveCfg = Release|Any CPU
		{49B9621A-DF9B-4966-B270-2B7E00676AB2}.Release|Any CPU.Build.0 = Release|Any CPU
		{EA05ABD9-1F9A-48DB-8522-B3ACD2BB210D}.Debug|Any CPU.ActiveCfg = Debug|Any CPU
		{EA05ABD9-1F9A-48DB-8522-B3ACD2BB210D}.Debug|Any CPU.Build.0 = Debug|Any CPU
		{EA05ABD9-1F9A-48DB-8522-B3ACD2BB210D}.Release|Any CPU.ActiveCfg = Release|Any CPU
		{EA05ABD9-1F9A-48DB-8522-B3ACD2BB210D}.Release|Any CPU.Build.0 = Release|Any CPU
		{05A05EE0-3C71-459F-9034-344972D1DC8B}.Debug|Any CPU.ActiveCfg = Debug|Any CPU
		{05A05EE0-3C71-459F-9034-344972D1DC8B}.Debug|Any CPU.Build.0 = Debug|Any CPU
		{05A05EE0-3C71-459F-9034-344972D1DC8B}.Release|Any CPU.ActiveCfg = Release|Any CPU
		{05A05EE0-3C71-459F-9034-344972D1DC8B}.Release|Any CPU.Build.0 = Release|Any CPU
		{7AEE50E3-BED4-495B-8A85-F367450EF9DA}.Debug|Any CPU.ActiveCfg = Debug|Any CPU
		{7AEE50E3-BED4-495B-8A85-F367450EF9DA}.Debug|Any CPU.Build.0 = Debug|Any CPU
		{7AEE50E3-BED4-495B-8A85-F367450EF9DA}.Release|Any CPU.ActiveCfg = Release|Any CPU
		{7AEE50E3-BED4-495B-8A85-F367450EF9DA}.Release|Any CPU.Build.0 = Release|Any CPU
		{B693DCE2-7128-49BE-835B-AD688E349349}.Debug|Any CPU.ActiveCfg = Debug|Any CPU
		{B693DCE2-7128-49BE-835B-AD688E349349}.Debug|Any CPU.Build.0 = Debug|Any CPU
		{B693DCE2-7128-49BE-835B-AD688E349349}.Release|Any CPU.ActiveCfg = Release|Any CPU
		{B693DCE2-7128-49BE-835B-AD688E349349}.Release|Any CPU.Build.0 = Release|Any CPU
		{C361C008-13B5-4585-805C-E39EEF2B30C4}.Debug|Any CPU.ActiveCfg = Debug|Any CPU
		{C361C008-13B5-4585-805C-E39EEF2B30C4}.Debug|Any CPU.Build.0 = Debug|Any CPU
		{C361C008-13B5-4585-805C-E39EEF2B30C4}.Release|Any CPU.ActiveCfg = Release|Any CPU
		{C361C008-13B5-4585-805C-E39EEF2B30C4}.Release|Any CPU.Build.0 = Release|Any CPU
		{71B0807E-E3BE-406D-9547-FB802322FD82}.Debug|Any CPU.ActiveCfg = Debug|Any CPU
		{71B0807E-E3BE-406D-9547-FB802322FD82}.Debug|Any CPU.Build.0 = Debug|Any CPU
		{71B0807E-E3BE-406D-9547-FB802322FD82}.Release|Any CPU.ActiveCfg = Release|Any CPU
		{71B0807E-E3BE-406D-9547-FB802322FD82}.Release|Any CPU.Build.0 = Release|Any CPU
		{E14AD1BD-AEA8-4F3B-8647-AB98C8952035}.Debug|Any CPU.ActiveCfg = Debug|Any CPU
		{E14AD1BD-AEA8-4F3B-8647-AB98C8952035}.Debug|Any CPU.Build.0 = Debug|Any CPU
		{E14AD1BD-AEA8-4F3B-8647-AB98C8952035}.Release|Any CPU.ActiveCfg = Release|Any CPU
		{E14AD1BD-AEA8-4F3B-8647-AB98C8952035}.Release|Any CPU.Build.0 = Release|Any CPU
		{253CF70F-8D0D-4AD3-B26C-289865AD42FE}.Debug|Any CPU.ActiveCfg = Debug|Any CPU
		{253CF70F-8D0D-4AD3-B26C-289865AD42FE}.Debug|Any CPU.Build.0 = Debug|Any CPU
		{253CF70F-8D0D-4AD3-B26C-289865AD42FE}.Release|Any CPU.ActiveCfg = Release|Any CPU
		{253CF70F-8D0D-4AD3-B26C-289865AD42FE}.Release|Any CPU.Build.0 = Release|Any CPU
		{6F904A21-2ECF-49C0-A399-0A73B8ECA2C1}.Debug|Any CPU.ActiveCfg = Debug|Any CPU
		{6F904A21-2ECF-49C0-A399-0A73B8ECA2C1}.Debug|Any CPU.Build.0 = Debug|Any CPU
		{6F904A21-2ECF-49C0-A399-0A73B8ECA2C1}.Release|Any CPU.ActiveCfg = Release|Any CPU
		{6F904A21-2ECF-49C0-A399-0A73B8ECA2C1}.Release|Any CPU.Build.0 = Release|Any CPU
	EndGlobalSection
	GlobalSection(NestedProjects) = preSolution
		{B4E2E6C0-1801-4689-8808-8F7DF6C68AB6} = {1A3735D5-D375-4658-84C4-B12EAC7DD7B2}
		{9A8B2140-9692-4EDC-A9CB-425384F6EB47} = {1A3735D5-D375-4658-84C4-B12EAC7DD7B2}
		{F6BA0509-6A0B-4444-9456-EB2C0791D884} = {59AB729B-86EB-4ACE-8AA8-418B68BE03D0}
		{A74D5B9A-F9DD-4BB9-8BA2-DE05C0D56821} = {59AB729B-86EB-4ACE-8AA8-418B68BE03D0}
		{F4C480FE-452D-4B7E-AE78-634E4F4BD7CA} = {A1559D7A-52BE-4DDF-8A6D-C3A678490641}
		{E1FEBF44-DEC3-4EB9-987A-BB5A671EB615} = {A1559D7A-52BE-4DDF-8A6D-C3A678490641}
		{49B9621A-DF9B-4966-B270-2B7E00676AB2} = {FC20CFDE-0002-49F9-91F5-63740B751A63}
		{EA05ABD9-1F9A-48DB-8522-B3ACD2BB210D} = {FC20CFDE-0002-49F9-91F5-63740B751A63}
		{05A05EE0-3C71-459F-9034-344972D1DC8B} = {E0F8171E-BFE0-4BD1-8185-4ABA90AB64E3}
		{7AEE50E3-BED4-495B-8A85-F367450EF9DA} = {E0F8171E-BFE0-4BD1-8185-4ABA90AB64E3}
		{B693DCE2-7128-49BE-835B-AD688E349349} = {CE8BA745-D4A1-482F-B8B9-62A60904551E}
		{C361C008-13B5-4585-805C-E39EEF2B30C4} = {CE8BA745-D4A1-482F-B8B9-62A60904551E}
		{71B0807E-E3BE-406D-9547-FB802322FD82} = {FBA24826-E945-40CA-A947-4FB2B3E28553}
		{E14AD1BD-AEA8-4F3B-8647-AB98C8952035} = {4B76CAE9-25E7-46D6-820E-3B55A1DEB07D}
		{253CF70F-8D0D-4AD3-B26C-289865AD42FE} = {97BAF2FA-A9C9-430A-A72C-9E496164C7F0}
		{6F904A21-2ECF-49C0-A399-0A73B8ECA2C1} = {97BAF2FA-A9C9-430A-A72C-9E496164C7F0}
	EndGlobalSection
EndGlobal
