
Microsoft Visual Studio Solution File, Format Version 12.00
Project("{FAE04EC0-301F-11D3-BF4B-00C04F79EFBC}") = "Send", "Send\Send.csproj", "{9A8B2140-9692-4EDC-A9CB-425384F6EB47}"
EndProject
Project("{FAE04EC0-301F-11D3-BF4B-00C04F79EFBC}") = "Receive", "Receive\Receive.csproj", "{B4E2E6C0-1801-4689-8808-8F7DF6C68AB6}"
EndProject
Project("{2150E333-8FDC-42A3-9474-1A3956D46DE8}") = "HelloWorld", "HelloWorld", "{1A3735D5-D375-4658-84C4-B12EAC7DD7B2}"
EndProject
Global
	GlobalSection(SolutionConfigurationPlatforms) = preSolution
		Debug|Any CPU = Debug|Any CPU
		Release|Any CPU = Release|Any CPU
	EndGlobalSection
	GlobalSection(ProjectConfigurationPlatforms) = postSolution
		{9A8B2140-9692-4EDC-A9CB-425384F6EB47}.Debug|Any CPU.ActiveCfg = Debug|Any CPU
		{9A8B2140-9692-4EDC-A9CB-425384F6EB47}.Debug|Any CPU.Build.0 = Debug|Any CPU
		{9A8B2140-9692-4EDC-A9CB-425384F6EB47}.Release|Any CPU.ActiveCfg = Release|Any CPU
		{9A8B2140-9692-4EDC-A9CB-425384F6EB47}.Release|Any CPU.Build.0 = Release|Any CPU
		{B4E2E6C0-1801-4689-8808-8F7DF6C68AB6}.Debug|Any CPU.ActiveCfg = Debug|Any CPU
		{B4E2E6C0-1801-4689-8808-8F7DF6C68AB6}.Debug|Any CPU.Build.0 = Debug|Any CPU
		{B4E2E6C0-1801-4689-8808-8F7DF6C68AB6}.Release|Any CPU.ActiveCfg = Release|Any CPU
		{B4E2E6C0-1801-4689-8808-8F7DF6C68AB6}.Release|Any CPU.Build.0 = Release|Any CPU
	EndGlobalSection
	GlobalSection(NestedProjects) = preSolution
		{B4E2E6C0-1801-4689-8808-8F7DF6C68AB6} = {1A3735D5-D375-4658-84C4-B12EAC7DD7B2}
		{9A8B2140-9692-4EDC-A9CB-425384F6EB47} = {1A3735D5-D375-4658-84C4-B12EAC7DD7B2}
	EndGlobalSection
EndGlobal
