
Microsoft Visual Studio Solution File, Format Version 12.00
Project("{FAE04EC0-301F-11D3-BF4B-00C04F79EFBC}") = "Send", "Send\Send.csproj", "{9A8B2140-9692-4EDC-A9CB-425384F6EB47}"
EndProject
Project("{FAE04EC0-301F-11D3-BF4B-00C04F79EFBC}") = "Receive", "Receive\Receive.csproj", "{B4E2E6C0-1801-4689-8808-8F7DF6C68AB6}"
EndProject
Project("{2150E333-8FDC-42A3-9474-1A3956D46DE8}") = "HelloWorld", "HelloWorld", "{1A3735D5-D375-4658-84C4-B12EAC7DD7B2}"
EndProject
Project("{2150E333-8FDC-42A3-9474-1A3956D46DE8}") = "WorkQueue", "WorkQueue", "{59AB729B-86EB-4ACE-8AA8-418B68BE03D0}"
EndProject
Project("{FAE04EC0-301F-11D3-BF4B-00C04F79EFBC}") = "Task", "Task\Task.csproj", "{F6BA0509-6A0B-4444-9456-EB2C0791D884}"
EndProject
Project("{FAE04EC0-301F-11D3-BF4B-00C04F79EFBC}") = "Worker", "Worker\Worker.csproj", "{A74D5B9A-F9DD-4BB9-8BA2-DE05C0D56821}"
EndProject
Global
	GlobalSection(SolutionConfigurationPlatforms) = preSolution
		Debug|Any CPU = Debug|Any CPU
		Release|Any CPU = Release|Any CPU
	EndGlobalSection
	GlobalSection(ProjectConfigurationPlatforms) = postSolution
		{9A8B2140-9692-4EDC-A9CB-425384F6EB47}.Debug|Any CPU.ActiveCfg = Debug|Any CPU
		{9A8B2140-9692-4EDC-A9CB-425384F6EB47}.Debug|Any CPU.Build.0 = Debug|Any CPU
		{9A8B2140-9692-4EDC-A9CB-425384F6EB47}.Release|Any CPU.ActiveCfg = Release|Any CPU
		{9A8B2140-9692-4EDC-A9CB-425384F6EB47}.Release|Any CPU.Build.0 = Release|Any CPU
		{B4E2E6C0-1801-4689-8808-8F7DF6C68AB6}.Debug|Any CPU.ActiveCfg = Debug|Any CPU
		{B4E2E6C0-1801-4689-8808-8F7DF6C68AB6}.Debug|Any CPU.Build.0 = Debug|Any CPU
		{B4E2E6C0-1801-4689-8808-8F7DF6C68AB6}.Release|Any CPU.ActiveCfg = Release|Any CPU
		{B4E2E6C0-1801-4689-8808-8F7DF6C68AB6}.Release|Any CPU.Build.0 = Release|Any CPU
		{F6BA0509-6A0B-4444-9456-EB2C0791D884}.Debug|Any CPU.ActiveCfg = Debug|Any CPU
		{F6BA0509-6A0B-4444-9456-EB2C0791D884}.Debug|Any CPU.Build.0 = Debug|Any CPU
		{F6BA0509-6A0B-4444-9456-EB2C0791D884}.Release|Any CPU.ActiveCfg = Release|Any CPU
		{F6BA0509-6A0B-4444-9456-EB2C0791D884}.Release|Any CPU.Build.0 = Release|Any CPU
		{A74D5B9A-F9DD-4BB9-8BA2-DE05C0D56821}.Debug|Any CPU.ActiveCfg = Debug|Any CPU
		{A74D5B9A-F9DD-4BB9-8BA2-DE05C0D56821}.Debug|Any CPU.Build.0 = Debug|Any CPU
		{A74D5B9A-F9DD-4BB9-8BA2-DE05C0D56821}.Release|Any CPU.ActiveCfg = Release|Any CPU
		{A74D5B9A-F9DD-4BB9-8BA2-DE05C0D56821}.Release|Any CPU.Build.0 = Release|Any CPU
	EndGlobalSection
	GlobalSection(NestedProjects) = preSolution
		{B4E2E6C0-1801-4689-8808-8F7DF6C68AB6} = {1A3735D5-D375-4658-84C4-B12EAC7DD7B2}
		{9A8B2140-9692-4EDC-A9CB-425384F6EB47} = {1A3735D5-D375-4658-84C4-B12EAC7DD7B2}
		{F6BA0509-6A0B-4444-9456-EB2C0791D884} = {59AB729B-86EB-4ACE-8AA8-418B68BE03D0}
		{A74D5B9A-F9DD-4BB9-8BA2-DE05C0D56821} = {59AB729B-86EB-4ACE-8AA8-418B68BE03D0}
	EndGlobalSection
EndGlobal
